
Microsoft Visual Studio Solution File, Format Version 12.00
# Visual Studio 15
VisualStudioVersion = 15.0.27130.2027
MinimumVisualStudioVersion = 10.0.40219.1
Project("{FAE04EC0-301F-11D3-BF4B-00C04F79EFBC}") = "SoccerDev", "SoccerDev\SoccerDev.csproj", "{10511104-1915-429B-9B52-4E02E83BB3E2}"
EndProject
Global
	GlobalSection(SolutionConfigurationPlatforms) = preSolution
		Debug|Any CPU = Debug|Any CPU
		Release|Any CPU = Release|Any CPU
	EndGlobalSection
	GlobalSection(ProjectConfigurationPlatforms) = postSolution
		{10511104-1915-429B-9B52-4E02E83BB3E2}.Debug|Any CPU.ActiveCfg = Debug|Any CPU
		{10511104-1915-429B-9B52-4E02E83BB3E2}.Debug|Any CPU.Build.0 = Debug|Any CPU
		{10511104-1915-429B-9B52-4E02E83BB3E2}.Release|Any CPU.ActiveCfg = Release|Any CPU
		{10511104-1915-429B-9B52-4E02E83BB3E2}.Release|Any CPU.Build.0 = Release|Any CPU
	EndGlobalSection
	GlobalSection(SolutionProperties) = preSolution
		HideSolutionNode = FALSE
	EndGlobalSection
	GlobalSection(ExtensibilityGlobals) = postSolution
		SolutionGuid = {9F1E1427-5621-4F51-9D28-F32A65836594}
	EndGlobalSection
EndGlobal
